
Microsoft Visual Studio Solution File, Format Version 12.00
# Visual Studio 14
VisualStudioVersion = 14.0.25420.1
MinimumVisualStudioVersion = 10.0.40219.1
Project("{8BC9CEB8-8B4A-11D0-8D11-00A0C91BC942}") = "Wallpaper", "Client\Wallpaper.vcxproj", "{FBB66D84-86B8-4AD2-8137-4CEAE1321C43}"
EndProject
Project("{8BC9CEB8-8B4A-11D0-8D11-00A0C91BC942}") = "ImageEngine", "ImageEngine\ImageEngine.vcxproj", "{2F5B681D-8CFA-4579-A46F-3BAE26D0D5D0}"
EndProject
Project("{8BC9CEB8-8B4A-11D0-8D11-00A0C91BC942}") = "DBOperator", "DBOperator\DBOperator.vcxproj", "{7DEC2F3B-9693-486F-AD90-6DDE80BC7A2A}"
EndProject
Global
	GlobalSection(SolutionConfigurationPlatforms) = preSolution
		Debug|x64 = Debug|x64
		Debug|x86 = Debug|x86
		Release|x64 = Release|x64
		Release|x86 = Release|x86
	EndGlobalSection
	GlobalSection(ProjectConfigurationPlatforms) = postSolution
		{FBB66D84-86B8-4AD2-8137-4CEAE1321C43}.Debug|x64.ActiveCfg = Debug|x64
		{FBB66D84-86B8-4AD2-8137-4CEAE1321C43}.Debug|x64.Build.0 = Debug|x64
		{FBB66D84-86B8-4AD2-8137-4CEAE1321C43}.Debug|x86.ActiveCfg = Debug|Win32
		{FBB66D84-86B8-4AD2-8137-4CEAE1321C43}.Debug|x86.Build.0 = Debug|Win32
		{FBB66D84-86B8-4AD2-8137-4CEAE1321C43}.Release|x64.ActiveCfg = Release|x64
		{FBB66D84-86B8-4AD2-8137-4CEAE1321C43}.Release|x64.Build.0 = Release|x64
		{FBB66D84-86B8-4AD2-8137-4CEAE1321C43}.Release|x86.ActiveCfg = Release|Win32
		{FBB66D84-86B8-4AD2-8137-4CEAE1321C43}.Release|x86.Build.0 = Release|Win32
		{2F5B681D-8CFA-4579-A46F-3BAE26D0D5D0}.Debug|x64.ActiveCfg = Debug|x64
		{2F5B681D-8CFA-4579-A46F-3BAE26D0D5D0}.Debug|x64.Build.0 = Debug|x64
		{2F5B681D-8CFA-4579-A46F-3BAE26D0D5D0}.Debug|x86.ActiveCfg = Debug|Win32
		{2F5B681D-8CFA-4579-A46F-3BAE26D0D5D0}.Debug|x86.Build.0 = Debug|Win32
		{2F5B681D-8CFA-4579-A46F-3BAE26D0D5D0}.Release|x64.ActiveCfg = Release|x64
		{2F5B681D-8CFA-4579-A46F-3BAE26D0D5D0}.Release|x64.Build.0 = Release|x64
		{2F5B681D-8CFA-4579-A46F-3BAE26D0D5D0}.Release|x86.ActiveCfg = Release|Win32
		{2F5B681D-8CFA-4579-A46F-3BAE26D0D5D0}.Release|x86.Build.0 = Release|Win32
		{7DEC2F3B-9693-486F-AD90-6DDE80BC7A2A}.Debug|x64.ActiveCfg = Debug|x64
		{7DEC2F3B-9693-486F-AD90-6DDE80BC7A2A}.Debug|x64.Build.0 = Debug|x64
		{7DEC2F3B-9693-486F-AD90-6DDE80BC7A2A}.Debug|x86.ActiveCfg = Debug|Win32
		{7DEC2F3B-9693-486F-AD90-6DDE80BC7A2A}.Debug|x86.Build.0 = Debug|Win32
		{7DEC2F3B-9693-486F-AD90-6DDE80BC7A2A}.Release|x64.ActiveCfg = Release|x64
		{7DEC2F3B-9693-486F-AD90-6DDE80BC7A2A}.Release|x64.Build.0 = Release|x64
		{7DEC2F3B-9693-486F-AD90-6DDE80BC7A2A}.Release|x86.ActiveCfg = Release|Win32
		{7DEC2F3B-9693-486F-AD90-6DDE80BC7A2A}.Release|x86.Build.0 = Release|Win32
	EndGlobalSection
	GlobalSection(SolutionProperties) = preSolution
		HideSolutionNode = FALSE
	EndGlobalSection
EndGlobal
